{
  "object": {
    "pins": [
      {
        "package": "FMDB",
        "repositoryURL": "https://github.com/Jeehut/fmdb.git",
        "state": {
          "branch": "master",
          "revision": "b73a310792b31cf85d3fc6bbbdbca7839919e473",
          "version": null
        }
      }
    ]
  },
  "version": 1
}
